// !$*UTF8*$!
{
	archiveVersion = 1;
	classes = {
	};
	objectVersion = 55;
	objects = {

/* Begin PBXBuildFile section */
		3A119C286776576CDD7D4540 /* Pods_Flixter.framework in Frameworks */ = {isa = PBXBuildFile; fileRef = DD6AE6F7F2600C6DBC94BAB3 /* Pods_Flixter.framework */; };
		DE3C13DF3C0A67C9E827C5AD /* Pods_Flixter_FlixterUITests.framework in Frameworks */ = {isa = PBXBuildFile; fileRef = 06466607F63BC85454369297 /* Pods_Flixter_FlixterUITests.framework */; };
		EE121553285BDD3A0091AB8C /* MovieCell.m in Sources */ = {isa = PBXBuildFile; fileRef = EE121552285BDD3A0091AB8C /* MovieCell.m */; };
		EE121558285D08350091AB8C /* DetailsViewController.m in Sources */ = {isa = PBXBuildFile; fileRef = EE121557285D08350091AB8C /* DetailsViewController.m */; };
		EE55CE5D285A476D00F6C1BB /* AppDelegate.m in Sources */ = {isa = PBXBuildFile; fileRef = EE55CE5C285A476D00F6C1BB /* AppDelegate.m */; };
		EE55CE60285A476D00F6C1BB /* SceneDelegate.m in Sources */ = {isa = PBXBuildFile; fileRef = EE55CE5F285A476D00F6C1BB /* SceneDelegate.m */; };
		EE55CE63285A476D00F6C1BB /* ViewController.m in Sources */ = {isa = PBXBuildFile; fileRef = EE55CE62285A476D00F6C1BB /* ViewController.m */; };
		EE55CE66285A476D00F6C1BB /* Main.storyboard in Resources */ = {isa = PBXBuildFile; fileRef = EE55CE64285A476D00F6C1BB /* Main.storyboard */; };
		EE55CE68285A476F00F6C1BB /* Assets.xcassets in Resources */ = {isa = PBXBuildFile; fileRef = EE55CE67285A476F00F6C1BB /* Assets.xcassets */; };
		EE55CE6B285A476F00F6C1BB /* LaunchScreen.storyboard in Resources */ = {isa = PBXBuildFile; fileRef = EE55CE69285A476F00F6C1BB /* LaunchScreen.storyboard */; };
		EE55CE6E285A476F00F6C1BB /* main.m in Sources */ = {isa = PBXBuildFile; fileRef = EE55CE6D285A476F00F6C1BB /* main.m */; };
		EE55CE78285A476F00F6C1BB /* FlixterTests.m in Sources */ = {isa = PBXBuildFile; fileRef = EE55CE77285A476F00F6C1BB /* FlixterTests.m */; };
		EE55CE82285A476F00F6C1BB /* FlixterUITests.m in Sources */ = {isa = PBXBuildFile; fileRef = EE55CE81285A476F00F6C1BB /* FlixterUITests.m */; };
		EE55CE84285A476F00F6C1BB /* FlixterUITestsLaunchTests.m in Sources */ = {isa = PBXBuildFile; fileRef = EE55CE83285A476F00F6C1BB /* FlixterUITestsLaunchTests.m */; };
		EE55CE99285A975800F6C1BB /* MovieViewController.m in Sources */ = {isa = PBXBuildFile; fileRef = EE55CE98285A975800F6C1BB /* MovieViewController.m */; };
		EED60728285FA2E9000F164F /* GridViewController.m in Sources */ = {isa = PBXBuildFile; fileRef = EED60727285FA2E9000F164F /* GridViewController.m */; };
		EED6072B285FA4DD000F164F /* GridCell.m in Sources */ = {isa = PBXBuildFile; fileRef = EED6072A285FA4DD000F164F /* GridCell.m */; };
		EEE36650286383C30047F9D7 /* Movie.m in Sources */ = {isa = PBXBuildFile; fileRef = EEE3664F286383C30047F9D7 /* Movie.m */; };
		EF9674901345FFEF6E9D4A20 /* Pods_FlixterTests.framework in Frameworks */ = {isa = PBXBuildFile; fileRef = 5896B2155F8452FE3942EB5F /* Pods_FlixterTests.framework */; };
/* End PBXBuildFile section */

/* Begin PBXContainerItemProxy section */
		EE55CE74285A476F00F6C1BB /* PBXContainerItemProxy */ = {
			isa = PBXContainerItemProxy;
			containerPortal = EE55CE50285A476D00F6C1BB /* Project object */;
			proxyType = 1;
			remoteGlobalIDString = EE55CE57285A476D00F6C1BB;
			remoteInfo = Flixter;
		};
		EE55CE7E285A476F00F6C1BB /* PBXContainerItemProxy */ = {
			isa = PBXContainerItemProxy;
			containerPortal = EE55CE50285A476D00F6C1BB /* Project object */;
			proxyType = 1;
			remoteGlobalIDString = EE55CE57285A476D00F6C1BB;
			remoteInfo = Flixter;
		};
/* End PBXContainerItemProxy section */

/* Begin PBXFileReference section */
		06466607F63BC85454369297 /* Pods_Flixter_FlixterUITests.framework */ = {isa = PBXFileReference; explicitFileType = wrapper.framework; includeInIndex = 0; path = Pods_Flixter_FlixterUITests.framework; sourceTree = BUILT_PRODUCTS_DIR; };
		0B3216BDB9FFCCDF05AEAD34 /* Pods-Flixter.debug.xcconfig */ = {isa = PBXFileReference; includeInIndex = 1; lastKnownFileType = text.xcconfig; name = "Pods-Flixter.debug.xcconfig"; path = "Target Support Files/Pods-Flixter/Pods-Flixter.debug.xcconfig"; sourceTree = "<group>"; };
		404E5743DD1088C5F2BA5F12 /* Pods-FlixterTests.release.xcconfig */ = {isa = PBXFileReference; includeInIndex = 1; lastKnownFileType = text.xcconfig; name = "Pods-FlixterTests.release.xcconfig"; path = "Target Support Files/Pods-FlixterTests/Pods-FlixterTests.release.xcconfig"; sourceTree = "<group>"; };
		41A0DCF8CD40BC507E43E1FE /* Pods-Flixter-FlixterUITests.release.xcconfig */ = {isa = PBXFileReference; includeInIndex = 1; lastKnownFileType = text.xcconfig; name = "Pods-Flixter-FlixterUITests.release.xcconfig"; path = "Target Support Files/Pods-Flixter-FlixterUITests/Pods-Flixter-FlixterUITests.release.xcconfig"; sourceTree = "<group>"; };
		5896B2155F8452FE3942EB5F /* Pods_FlixterTests.framework */ = {isa = PBXFileReference; explicitFileType = wrapper.framework; includeInIndex = 0; path = Pods_FlixterTests.framework; sourceTree = BUILT_PRODUCTS_DIR; };
		598F7FA30214B7759C7BC329 /* Pods-FlixterTests.debug.xcconfig */ = {isa = PBXFileReference; includeInIndex = 1; lastKnownFileType = text.xcconfig; name = "Pods-FlixterTests.debug.xcconfig"; path = "Target Support Files/Pods-FlixterTests/Pods-FlixterTests.debug.xcconfig"; sourceTree = "<group>"; };
		59A8809B1D01D725E9EC2ECD /* Pods-Flixter-FlixterUITests.debug.xcconfig */ = {isa = PBXFileReference; includeInIndex = 1; lastKnownFileType = text.xcconfig; name = "Pods-Flixter-FlixterUITests.debug.xcconfig"; path = "Target Support Files/Pods-Flixter-FlixterUITests/Pods-Flixter-FlixterUITests.debug.xcconfig"; sourceTree = "<group>"; };
		7692B176462F58B81FEB192E /* Pods-Flixter.release.xcconfig */ = {isa = PBXFileReference; includeInIndex = 1; lastKnownFileType = text.xcconfig; name = "Pods-Flixter.release.xcconfig"; path = "Target Support Files/Pods-Flixter/Pods-Flixter.release.xcconfig"; sourceTree = "<group>"; };
		DD6AE6F7F2600C6DBC94BAB3 /* Pods_Flixter.framework */ = {isa = PBXFileReference; explicitFileType = wrapper.framework; includeInIndex = 0; path = Pods_Flixter.framework; sourceTree = BUILT_PRODUCTS_DIR; };
		EE121551285BDD3A0091AB8C /* MovieCell.h */ = {isa = PBXFileReference; lastKnownFileType = sourcecode.c.h; path = MovieCell.h; sourceTree = "<group>"; };
		EE121552285BDD3A0091AB8C /* MovieCell.m */ = {isa = PBXFileReference; lastKnownFileType = sourcecode.c.objc; path = MovieCell.m; sourceTree = "<group>"; };
		EE121556285D08350091AB8C /* DetailsViewController.h */ = {isa = PBXFileReference; lastKnownFileType = sourcecode.c.h; path = DetailsViewController.h; sourceTree = "<group>"; };
		EE121557285D08350091AB8C /* DetailsViewController.m */ = {isa = PBXFileReference; lastKnownFileType = sourcecode.c.objc; path = DetailsViewController.m; sourceTree = "<group>"; };
		EE55CE58285A476D00F6C1BB /* Flixter.app */ = {isa = PBXFileReference; explicitFileType = wrapper.application; includeInIndex = 0; path = Flixter.app; sourceTree = BUILT_PRODUCTS_DIR; };
		EE55CE5B285A476D00F6C1BB /* AppDelegate.h */ = {isa = PBXFileReference; lastKnownFileType = sourcecode.c.h; path = AppDelegate.h; sourceTree = "<group>"; };
		EE55CE5C285A476D00F6C1BB /* AppDelegate.m */ = {isa = PBXFileReference; lastKnownFileType = sourcecode.c.objc; path = AppDelegate.m; sourceTree = "<group>"; };
		EE55CE5E285A476D00F6C1BB /* SceneDelegate.h */ = {isa = PBXFileReference; lastKnownFileType = sourcecode.c.h; path = SceneDelegate.h; sourceTree = "<group>"; };
		EE55CE5F285A476D00F6C1BB /* SceneDelegate.m */ = {isa = PBXFileReference; lastKnownFileType = sourcecode.c.objc; path = SceneDelegate.m; sourceTree = "<group>"; };
		EE55CE61285A476D00F6C1BB /* ViewController.h */ = {isa = PBXFileReference; lastKnownFileType = sourcecode.c.h; path = ViewController.h; sourceTree = "<group>"; };
		EE55CE62285A476D00F6C1BB /* ViewController.m */ = {isa = PBXFileReference; lastKnownFileType = sourcecode.c.objc; path = ViewController.m; sourceTree = "<group>"; };
		EE55CE65285A476D00F6C1BB /* Base */ = {isa = PBXFileReference; lastKnownFileType = file.storyboard; name = Base; path = Base.lproj/Main.storyboard; sourceTree = "<group>"; };
		EE55CE67285A476F00F6C1BB /* Assets.xcassets */ = {isa = PBXFileReference; lastKnownFileType = folder.assetcatalog; path = Assets.xcassets; sourceTree = "<group>"; };
		EE55CE6A285A476F00F6C1BB /* Base */ = {isa = PBXFileReference; lastKnownFileType = file.storyboard; name = Base; path = Base.lproj/LaunchScreen.storyboard; sourceTree = "<group>"; };
		EE55CE6C285A476F00F6C1BB /* Info.plist */ = {isa = PBXFileReference; lastKnownFileType = text.plist.xml; path = Info.plist; sourceTree = "<group>"; };
		EE55CE6D285A476F00F6C1BB /* main.m */ = {isa = PBXFileReference; lastKnownFileType = sourcecode.c.objc; path = main.m; sourceTree = "<group>"; };
		EE55CE73285A476F00F6C1BB /* FlixterTests.xctest */ = {isa = PBXFileReference; explicitFileType = wrapper.cfbundle; includeInIndex = 0; path = FlixterTests.xctest; sourceTree = BUILT_PRODUCTS_DIR; };
		EE55CE77285A476F00F6C1BB /* FlixterTests.m */ = {isa = PBXFileReference; lastKnownFileType = sourcecode.c.objc; path = FlixterTests.m; sourceTree = "<group>"; };
		EE55CE7D285A476F00F6C1BB /* FlixterUITests.xctest */ = {isa = PBXFileReference; explicitFileType = wrapper.cfbundle; includeInIndex = 0; path = FlixterUITests.xctest; sourceTree = BUILT_PRODUCTS_DIR; };
		EE55CE81285A476F00F6C1BB /* FlixterUITests.m */ = {isa = PBXFileReference; lastKnownFileType = sourcecode.c.objc; path = FlixterUITests.m; sourceTree = "<group>"; };
		EE55CE83285A476F00F6C1BB /* FlixterUITestsLaunchTests.m */ = {isa = PBXFileReference; lastKnownFileType = sourcecode.c.objc; path = FlixterUITestsLaunchTests.m; sourceTree = "<group>"; };
		EE55CE97285A975800F6C1BB /* MovieViewController.h */ = {isa = PBXFileReference; lastKnownFileType = sourcecode.c.h; path = MovieViewController.h; sourceTree = "<group>"; };
		EE55CE98285A975800F6C1BB /* MovieViewController.m */ = {isa = PBXFileReference; lastKnownFileType = sourcecode.c.objc; path = MovieViewController.m; sourceTree = "<group>"; };
		EE9B5E11285D4CDF0018D6F2 /* READme.md */ = {isa = PBXFileReference; lastKnownFileType = net.daringfireball.markdown; path = READme.md; sourceTree = "<group>"; };
		EED60726285FA2E9000F164F /* GridViewController.h */ = {isa = PBXFileReference; lastKnownFileType = sourcecode.c.h; path = GridViewController.h; sourceTree = "<group>"; };
		EED60727285FA2E9000F164F /* GridViewController.m */ = {isa = PBXFileReference; lastKnownFileType = sourcecode.c.objc; path = GridViewController.m; sourceTree = "<group>"; };
		EED60729285FA4DD000F164F /* GridCell.h */ = {isa = PBXFileReference; lastKnownFileType = sourcecode.c.h; path = GridCell.h; sourceTree = "<group>"; };
		EED6072A285FA4DD000F164F /* GridCell.m */ = {isa = PBXFileReference; lastKnownFileType = sourcecode.c.objc; path = GridCell.m; sourceTree = "<group>"; };
		EEE3664E286383C30047F9D7 /* Movie.h */ = {isa = PBXFileReference; lastKnownFileType = sourcecode.c.h; path = Movie.h; sourceTree = "<group>"; };
		EEE3664F286383C30047F9D7 /* Movie.m */ = {isa = PBXFileReference; lastKnownFileType = sourcecode.c.objc; path = Movie.m; sourceTree = "<group>"; };
/* End PBXFileReference section */

/* Begin PBXFrameworksBuildPhase section */
		EE55CE55285A476D00F6C1BB /* Frameworks */ = {
			isa = PBXFrameworksBuildPhase;
			buildActionMask = 2147483647;
			files = (
				3A119C286776576CDD7D4540 /* Pods_Flixter.framework in Frameworks */,
			);
			runOnlyForDeploymentPostprocessing = 0;
		};
		EE55CE70285A476F00F6C1BB /* Frameworks */ = {
			isa = PBXFrameworksBuildPhase;
			buildActionMask = 2147483647;
			files = (
				EF9674901345FFEF6E9D4A20 /* Pods_FlixterTests.framework in Frameworks */,
			);
			runOnlyForDeploymentPostprocessing = 0;
		};
		EE55CE7A285A476F00F6C1BB /* Frameworks */ = {
			isa = PBXFrameworksBuildPhase;
			buildActionMask = 2147483647;
			files = (
				DE3C13DF3C0A67C9E827C5AD /* Pods_Flixter_FlixterUITests.framework in Frameworks */,
			);
			runOnlyForDeploymentPostprocessing = 0;
		};
/* End PBXFrameworksBuildPhase section */

/* Begin PBXGroup section */
		7B919F195EE8AF834627E8B6 /* Frameworks */ = {
			isa = PBXGroup;
			children = (
				DD6AE6F7F2600C6DBC94BAB3 /* Pods_Flixter.framework */,
				06466607F63BC85454369297 /* Pods_Flixter_FlixterUITests.framework */,
				5896B2155F8452FE3942EB5F /* Pods_FlixterTests.framework */,
			);
			name = Frameworks;
			sourceTree = "<group>";
		};
		EE55CE4F285A476D00F6C1BB = {
			isa = PBXGroup;
			children = (
				EE55CE5A285A476D00F6C1BB /* Flixter */,
				EE55CE80285A476F00F6C1BB /* FlixterUITests */,
				EE55CE59285A476D00F6C1BB /* Products */,
				F57B51E22F53167BE8DD2491 /* Pods */,
				7B919F195EE8AF834627E8B6 /* Frameworks */,
			);
			sourceTree = "<group>";
		};
		EE55CE59285A476D00F6C1BB /* Products */ = {
			isa = PBXGroup;
			children = (
				EE55CE58285A476D00F6C1BB /* Flixter.app */,
				EE55CE73285A476F00F6C1BB /* FlixterTests.xctest */,
				EE55CE7D285A476F00F6C1BB /* FlixterUITests.xctest */,
			);
			name = Products;
			sourceTree = "<group>";
		};
		EE55CE5A285A476D00F6C1BB /* Flixter */ = {
			isa = PBXGroup;
			children = (
				EE55CE5B285A476D00F6C1BB /* AppDelegate.h */,
				EE55CE5C285A476D00F6C1BB /* AppDelegate.m */,
				EE55CE5E285A476D00F6C1BB /* SceneDelegate.h */,
				EE55CE5F285A476D00F6C1BB /* SceneDelegate.m */,
				EE55CE61285A476D00F6C1BB /* ViewController.h */,
				EE55CE62285A476D00F6C1BB /* ViewController.m */,
				EE55CE64285A476D00F6C1BB /* Main.storyboard */,
				EE55CE67285A476F00F6C1BB /* Assets.xcassets */,
				EE55CE69285A476F00F6C1BB /* LaunchScreen.storyboard */,
				EE55CE6C285A476F00F6C1BB /* Info.plist */,
				EE55CE6D285A476F00F6C1BB /* main.m */,
				EE55CE97285A975800F6C1BB /* MovieViewController.h */,
				EE55CE98285A975800F6C1BB /* MovieViewController.m */,
				EE121551285BDD3A0091AB8C /* MovieCell.h */,
				EE121552285BDD3A0091AB8C /* MovieCell.m */,
				EE121556285D08350091AB8C /* DetailsViewController.h */,
				EE121557285D08350091AB8C /* DetailsViewController.m */,
				EE9B5E11285D4CDF0018D6F2 /* READme.md */,
				EED60726285FA2E9000F164F /* GridViewController.h */,
				EED60727285FA2E9000F164F /* GridViewController.m */,
				EED60729285FA4DD000F164F /* GridCell.h */,
				EED6072A285FA4DD000F164F /* GridCell.m */,
				EEE3664E286383C30047F9D7 /* Movie.h */,
				EEE3664F286383C30047F9D7 /* Movie.m */,
			);
			path = Flixter;
			sourceTree = "<group>";
		};
		EE55CE76285A476F00F6C1BB /* FlixterTests */ = {
			isa = PBXGroup;
			children = (
				EE55CE77285A476F00F6C1BB /* FlixterTests.m */,
			);
			path = FlixterTests;
			sourceTree = "<group>";
		};
		EE55CE80285A476F00F6C1BB /* FlixterUITests */ = {
			isa = PBXGroup;
			children = (
				EE55CE76285A476F00F6C1BB /* FlixterTests */,
				EE55CE81285A476F00F6C1BB /* FlixterUITests.m */,
				EE55CE83285A476F00F6C1BB /* FlixterUITestsLaunchTests.m */,
			);
			path = FlixterUITests;
			sourceTree = "<group>";
		};
		F57B51E22F53167BE8DD2491 /* Pods */ = {
			isa = PBXGroup;
			children = (
				0B3216BDB9FFCCDF05AEAD34 /* Pods-Flixter.debug.xcconfig */,
				7692B176462F58B81FEB192E /* Pods-Flixter.release.xcconfig */,
				59A8809B1D01D725E9EC2ECD /* Pods-Flixter-FlixterUITests.debug.xcconfig */,
				41A0DCF8CD40BC507E43E1FE /* Pods-Flixter-FlixterUITests.release.xcconfig */,
				598F7FA30214B7759C7BC329 /* Pods-FlixterTests.debug.xcconfig */,
				404E5743DD1088C5F2BA5F12 /* Pods-FlixterTests.release.xcconfig */,
			);
			path = Pods;
			sourceTree = "<group>";
		};
/* End PBXGroup section */

/* Begin PBXNativeTarget section */
		EE55CE57285A476D00F6C1BB /* Flixter */ = {
			isa = PBXNativeTarget;
			buildConfigurationList = EE55CE87285A476F00F6C1BB /* Build configuration list for PBXNativeTarget "Flixter" */;
			buildPhases = (
				E8E8C43A3A2DC48B28100780 /* [CP] Check Pods Manifest.lock */,
				EE55CE54285A476D00F6C1BB /* Sources */,
				EE55CE55285A476D00F6C1BB /* Frameworks */,
				EE55CE56285A476D00F6C1BB /* Resources */,
				3D3B9EB4D8F9C6BC4E67D6B2 /* [CP] Embed Pods Frameworks */,
			);
			buildRules = (
			);
			dependencies = (
			);
			name = Flixter;
			productName = Flixter;
			productReference = EE55CE58285A476D00F6C1BB /* Flixter.app */;
			productType = "com.apple.product-type.application";
		};
		EE55CE72285A476F00F6C1BB /* FlixterTests */ = {
			isa = PBXNativeTarget;
			buildConfigurationList = EE55CE8A285A476F00F6C1BB /* Build configuration list for PBXNativeTarget "FlixterTests" */;
			buildPhases = (
				892DC7A32209E69D08DB40AB /* [CP] Check Pods Manifest.lock */,
				EE55CE6F285A476F00F6C1BB /* Sources */,
				EE55CE70285A476F00F6C1BB /* Frameworks */,
				EE55CE71285A476F00F6C1BB /* Resources */,
			);
			buildRules = (
			);
			dependencies = (
				EE55CE75285A476F00F6C1BB /* PBXTargetDependency */,
			);
			name = FlixterTests;
			productName = FlixterTests;
			productReference = EE55CE73285A476F00F6C1BB /* FlixterTests.xctest */;
			productType = "com.apple.product-type.bundle.unit-test";
		};
		EE55CE7C285A476F00F6C1BB /* FlixterUITests */ = {
			isa = PBXNativeTarget;
			buildConfigurationList = EE55CE8D285A476F00F6C1BB /* Build configuration list for PBXNativeTarget "FlixterUITests" */;
			buildPhases = (
				B92A59734CF23ED47C46E2A6 /* [CP] Check Pods Manifest.lock */,
				EE55CE79285A476F00F6C1BB /* Sources */,
				EE55CE7A285A476F00F6C1BB /* Frameworks */,
				EE55CE7B285A476F00F6C1BB /* Resources */,
				398EB52B7EA80EA2FCFDD242 /* [CP] Embed Pods Frameworks */,
			);
			buildRules = (
			);
			dependencies = (
				EE55CE7F285A476F00F6C1BB /* PBXTargetDependency */,
			);
			name = FlixterUITests;
			productName = FlixterUITests;
			productReference = EE55CE7D285A476F00F6C1BB /* FlixterUITests.xctest */;
			productType = "com.apple.product-type.bundle.ui-testing";
		};
/* End PBXNativeTarget section */

/* Begin PBXProject section */
		EE55CE50285A476D00F6C1BB /* Project object */ = {
			isa = PBXProject;
			attributes = {
				BuildIndependentTargetsInParallel = 1;
				LastUpgradeCheck = 1340;
				TargetAttributes = {
					EE55CE57285A476D00F6C1BB = {
						CreatedOnToolsVersion = 13.4.1;
					};
					EE55CE72285A476F00F6C1BB = {
						CreatedOnToolsVersion = 13.4.1;
						TestTargetID = EE55CE57285A476D00F6C1BB;
					};
					EE55CE7C285A476F00F6C1BB = {
						CreatedOnToolsVersion = 13.4.1;
						TestTargetID = EE55CE57285A476D00F6C1BB;
					};
				};
			};
			buildConfigurationList = EE55CE53285A476D00F6C1BB /* Build configuration list for PBXProject "Flixter" */;
			compatibilityVersion = "Xcode 13.0";
			developmentRegion = en;
			hasScannedForEncodings = 0;
			knownRegions = (
				en,
				Base,
			);
			mainGroup = EE55CE4F285A476D00F6C1BB;
			productRefGroup = EE55CE59285A476D00F6C1BB /* Products */;
			projectDirPath = "";
			projectRoot = "";
			targets = (
				EE55CE57285A476D00F6C1BB /* Flixter */,
				EE55CE72285A476F00F6C1BB /* FlixterTests */,
				EE55CE7C285A476F00F6C1BB /* FlixterUITests */,
			);
		};
/* End PBXProject section */

/* Begin PBXResourcesBuildPhase section */
		EE55CE56285A476D00F6C1BB /* Resources */ = {
			isa = PBXResourcesBuildPhase;
			buildActionMask = 2147483647;
			files = (
				EE55CE6B285A476F00F6C1BB /* LaunchScreen.storyboard in Resources */,
				EE55CE68285A476F00F6C1BB /* Assets.xcassets in Resources */,
				EE55CE66285A476D00F6C1BB /* Main.storyboard in Resources */,
			);
			runOnlyForDeploymentPostprocessing = 0;
		};
		EE55CE71285A476F00F6C1BB /* Resources */ = {
			isa = PBXResourcesBuildPhase;
			buildActionMask = 2147483647;
			files = (
			);
			runOnlyForDeploymentPostprocessing = 0;
		};
		EE55CE7B285A476F00F6C1BB /* Resources */ = {
			isa = PBXResourcesBuildPhase;
			buildActionMask = 2147483647;
			files = (
			);
			runOnlyForDeploymentPostprocessing = 0;
		};
/* End PBXResourcesBuildPhase section */

/* Begin PBXShellScriptBuildPhase section */
		398EB52B7EA80EA2FCFDD242 /* [CP] Embed Pods Frameworks */ = {
			isa = PBXShellScriptBuildPhase;
			buildActionMask = 2147483647;
			files = (
			);
			inputFileListPaths = (
				"${PODS_ROOT}/Target Support Files/Pods-Flixter-FlixterUITests/Pods-Flixter-FlixterUITests-frameworks-${CONFIGURATION}-input-files.xcfilelist",
			);
			name = "[CP] Embed Pods Frameworks";
			outputFileListPaths = (
				"${PODS_ROOT}/Target Support Files/Pods-Flixter-FlixterUITests/Pods-Flixter-FlixterUITests-frameworks-${CONFIGURATION}-output-files.xcfilelist",
			);
			runOnlyForDeploymentPostprocessing = 0;
			shellPath = /bin/sh;
			shellScript = "\"${PODS_ROOT}/Target Support Files/Pods-Flixter-FlixterUITests/Pods-Flixter-FlixterUITests-frameworks.sh\"\n";
			showEnvVarsInLog = 0;
		};
		3D3B9EB4D8F9C6BC4E67D6B2 /* [CP] Embed Pods Frameworks */ = {
			isa = PBXShellScriptBuildPhase;
			buildActionMask = 2147483647;
			files = (
			);
			inputFileListPaths = (
				"${PODS_ROOT}/Target Support Files/Pods-Flixter/Pods-Flixter-frameworks-${CONFIGURATION}-input-files.xcfilelist",
			);
			name = "[CP] Embed Pods Frameworks";
			outputFileListPaths = (
				"${PODS_ROOT}/Target Support Files/Pods-Flixter/Pods-Flixter-frameworks-${CONFIGURATION}-output-files.xcfilelist",
			);
			runOnlyForDeploymentPostprocessing = 0;
			shellPath = /bin/sh;
			shellScript = "\"${PODS_ROOT}/Target Support Files/Pods-Flixter/Pods-Flixter-frameworks.sh\"\n";
			showEnvVarsInLog = 0;
		};
		892DC7A32209E69D08DB40AB /* [CP] Check Pods Manifest.lock */ = {
			isa = PBXShellScriptBuildPhase;
			buildActionMask = 2147483647;
			files = (
			);
			inputFileListPaths = (
			);
			inputPaths = (
				"${PODS_PODFILE_DIR_PATH}/Podfile.lock",
				"${PODS_ROOT}/Manifest.lock",
			);
			name = "[CP] Check Pods Manifest.lock";
			outputFileListPaths = (
			);
			outputPaths = (
				"$(DERIVED_FILE_DIR)/Pods-FlixterTests-checkManifestLockResult.txt",
			);
			runOnlyForDeploymentPostprocessing = 0;
			shellPath = /bin/sh;
			shellScript = "diff \"${PODS_PODFILE_DIR_PATH}/Podfile.lock\" \"${PODS_ROOT}/Manifest.lock\" > /dev/null\nif [ $? != 0 ] ; then\n    # print error to STDERR\n    echo \"error: The sandbox is not in sync with the Podfile.lock. Run 'pod install' or update your CocoaPods installation.\" >&2\n    exit 1\nfi\n# This output is used by Xcode 'outputs' to avoid re-running this script phase.\necho \"SUCCESS\" > \"${SCRIPT_OUTPUT_FILE_0}\"\n";
			showEnvVarsInLog = 0;
		};
		B92A59734CF23ED47C46E2A6 /* [CP] Check Pods Manifest.lock */ = {
			isa = PBXShellScriptBuildPhase;
			buildActionMask = 2147483647;
			files = (
			);
			inputFileListPaths = (
			);
			inputPaths = (
				"${PODS_PODFILE_DIR_PATH}/Podfile.lock",
				"${PODS_ROOT}/Manifest.lock",
			);
			name = "[CP] Check Pods Manifest.lock";
			outputFileListPaths = (
			);
			outputPaths = (
				"$(DERIVED_FILE_DIR)/Pods-Flixter-FlixterUITests-checkManifestLockResult.txt",
			);
			runOnlyForDeploymentPostprocessing = 0;
			shellPath = /bin/sh;
			shellScript = "diff \"${PODS_PODFILE_DIR_PATH}/Podfile.lock\" \"${PODS_ROOT}/Manifest.lock\" > /dev/null\nif [ $? != 0 ] ; then\n    # print error to STDERR\n    echo \"error: The sandbox is not in sync with the Podfile.lock. Run 'pod install' or update your CocoaPods installation.\" >&2\n    exit 1\nfi\n# This output is used by Xcode 'outputs' to avoid re-running this script phase.\necho \"SUCCESS\" > \"${SCRIPT_OUTPUT_FILE_0}\"\n";
			showEnvVarsInLog = 0;
		};
		E8E8C43A3A2DC48B28100780 /* [CP] Check Pods Manifest.lock */ = {
			isa = PBXShellScriptBuildPhase;
			buildActionMask = 2147483647;
			files = (
			);
			inputFileListPaths = (
			);
			inputPaths = (
				"${PODS_PODFILE_DIR_PATH}/Podfile.lock",
				"${PODS_ROOT}/Manifest.lock",
			);
			name = "[CP] Check Pods Manifest.lock";
			outputFileListPaths = (
			);
			outputPaths = (
				"$(DERIVED_FILE_DIR)/Pods-Flixter-checkManifestLockResult.txt",
			);
			runOnlyForDeploymentPostprocessing = 0;
			shellPath = /bin/sh;
			shellScript = "diff \"${PODS_PODFILE_DIR_PATH}/Podfile.lock\" \"${PODS_ROOT}/Manifest.lock\" > /dev/null\nif [ $? != 0 ] ; then\n    # print error to STDERR\n    echo \"error: The sandbox is not in sync with the Podfile.lock. Run 'pod install' or update your CocoaPods installation.\" >&2\n    exit 1\nfi\n# This output is used by Xcode 'outputs' to avoid re-running this script phase.\necho \"SUCCESS\" > \"${SCRIPT_OUTPUT_FILE_0}\"\n";
			showEnvVarsInLog = 0;
		};
/* End PBXShellScriptBuildPhase section */

/* Begin PBXSourcesBuildPhase section */
		EE55CE54285A476D00F6C1BB /* Sources */ = {
			isa = PBXSourcesBuildPhase;
			buildActionMask = 2147483647;
			files = (
				EE55CE63285A476D00F6C1BB /* ViewController.m in Sources */,
				EE55CE99285A975800F6C1BB /* MovieViewController.m in Sources */,
				EEE36650286383C30047F9D7 /* Movie.m in Sources */,
				EE121553285BDD3A0091AB8C /* MovieCell.m in Sources */,
				EE55CE5D285A476D00F6C1BB /* AppDelegate.m in Sources */,
				EED60728285FA2E9000F164F /* GridViewController.m in Sources */,
				EE121558285D08350091AB8C /* DetailsViewController.m in Sources */,
				EE55CE6E285A476F00F6C1BB /* main.m in Sources */,
				EED6072B285FA4DD000F164F /* GridCell.m in Sources */,
				EE55CE60285A476D00F6C1BB /* SceneDelegate.m in Sources */,
			);
			runOnlyForDeploymentPostprocessing = 0;
		};
		EE55CE6F285A476F00F6C1BB /* Sources */ = {
			isa = PBXSourcesBuildPhase;
			buildActionMask = 2147483647;
			files = (
				EE55CE78285A476F00F6C1BB /* FlixterTests.m in Sources */,
			);
			runOnlyForDeploymentPostprocessing = 0;
		};
		EE55CE79285A476F00F6C1BB /* Sources */ = {
			isa = PBXSourcesBuildPhase;
			buildActionMask = 2147483647;
			files = (
				EE55CE82285A476F00F6C1BB /* FlixterUITests.m in Sources */,
				EE55CE84285A476F00F6C1BB /* FlixterUITestsLaunchTests.m in Sources */,
			);
			runOnlyForDeploymentPostprocessing = 0;
		};
/* End PBXSourcesBuildPhase section */

/* Begin PBXTargetDependency section */
		EE55CE75285A476F00F6C1BB /* PBXTargetDependency */ = {
			isa = PBXTargetDependency;
			target = EE55CE57285A476D00F6C1BB /* Flixter */;
			targetProxy = EE55CE74285A476F00F6C1BB /* PBXContainerItemProxy */;
		};
		EE55CE7F285A476F00F6C1BB /* PBXTargetDependency */ = {
			isa = PBXTargetDependency;
			target = EE55CE57285A476D00F6C1BB /* Flixter */;
			targetProxy = EE55CE7E285A476F00F6C1BB /* PBXContainerItemProxy */;
		};
/* End PBXTargetDependency section */

/* Begin PBXVariantGroup section */
		EE55CE64285A476D00F6C1BB /* Main.storyboard */ = {
			isa = PBXVariantGroup;
			children = (
				EE55CE65285A476D00F6C1BB /* Base */,
			);
			name = Main.storyboard;
			sourceTree = "<group>";
		};
		EE55CE69285A476F00F6C1BB /* LaunchScreen.storyboard */ = {
			isa = PBXVariantGroup;
			children = (
				EE55CE6A285A476F00F6C1BB /* Base */,
			);
			name = LaunchScreen.storyboard;
			sourceTree = "<group>";
		};
/* End PBXVariantGroup section */

/* Begin XCBuildConfiguration section */
		EE55CE85285A476F00F6C1BB /* Debug */ = {
			isa = XCBuildConfiguration;
			buildSettings = {
				ALWAYS_SEARCH_USER_PATHS = NO;
				CLANG_ANALYZER_NONNULL = YES;
				CLANG_ANALYZER_NUMBER_OBJECT_CONVERSION = YES_AGGRESSIVE;
				CLANG_CXX_LANGUAGE_STANDARD = "gnu++17";
				CLANG_ENABLE_MODULES = YES;
				CLANG_ENABLE_OBJC_ARC = YES;
				CLANG_ENABLE_OBJC_WEAK = YES;
				CLANG_WARN_BLOCK_CAPTURE_AUTORELEASING = YES;
				CLANG_WARN_BOOL_CONVERSION = YES;
				CLANG_WARN_COMMA = YES;
				CLANG_WARN_CONSTANT_CONVERSION = YES;
				CLANG_WARN_DEPRECATED_OBJC_IMPLEMENTATIONS = YES;
				CLANG_WARN_DIRECT_OBJC_ISA_USAGE = YES_ERROR;
				CLANG_WARN_DOCUMENTATION_COMMENTS = YES;
				CLANG_WARN_EMPTY_BODY = YES;
				CLANG_WARN_ENUM_CONVERSION = YES;
				CLANG_WARN_INFINITE_RECURSION = YES;
				CLANG_WARN_INT_CONVERSION = YES;
				CLANG_WARN_NON_LITERAL_NULL_CONVERSION = YES;
				CLANG_WARN_OBJC_IMPLICIT_RETAIN_SELF = YES;
				CLANG_WARN_OBJC_LITERAL_CONVERSION = YES;
				CLANG_WARN_OBJC_ROOT_CLASS = YES_ERROR;
				CLANG_WARN_QUOTED_INCLUDE_IN_FRAMEWORK_HEADER = YES;
				CLANG_WARN_RANGE_LOOP_ANALYSIS = YES;
				CLANG_WARN_STRICT_PROTOTYPES = YES;
				CLANG_WARN_SUSPICIOUS_MOVE = YES;
				CLANG_WARN_UNGUARDED_AVAILABILITY = YES_AGGRESSIVE;
				CLANG_WARN_UNREACHABLE_CODE = YES;
				CLANG_WARN__DUPLICATE_METHOD_MATCH = YES;
				COPY_PHASE_STRIP = NO;
				DEBUG_INFORMATION_FORMAT = dwarf;
				ENABLE_STRICT_OBJC_MSGSEND = YES;
				ENABLE_TESTABILITY = YES;
				GCC_C_LANGUAGE_STANDARD = gnu11;
				GCC_DYNAMIC_NO_PIC = NO;
				GCC_NO_COMMON_BLOCKS = YES;
				GCC_OPTIMIZATION_LEVEL = 0;
				GCC_PREPROCESSOR_DEFINITIONS = (
					"DEBUG=1",
					"$(inherited)",
				);
				GCC_WARN_64_TO_32_BIT_CONVERSION = YES;
				GCC_WARN_ABOUT_RETURN_TYPE = YES_ERROR;
				GCC_WARN_UNDECLARED_SELECTOR = YES;
				GCC_WARN_UNINITIALIZED_AUTOS = YES_AGGRESSIVE;
				GCC_WARN_UNUSED_FUNCTION = YES;
				GCC_WARN_UNUSED_VARIABLE = YES;
				IPHONEOS_DEPLOYMENT_TARGET = 15.5;
				MTL_ENABLE_DEBUG_INFO = INCLUDE_SOURCE;
				MTL_FAST_MATH = YES;
				ONLY_ACTIVE_ARCH = YES;
				SDKROOT = iphoneos;
			};
			name = Debug;
		};
		EE55CE86285A476F00F6C1BB /* Release */ = {
			isa = XCBuildConfiguration;
			buildSettings = {
				ALWAYS_SEARCH_USER_PATHS = NO;
				CLANG_ANALYZER_NONNULL = YES;
				CLANG_ANALYZER_NUMBER_OBJECT_CONVERSION = YES_AGGRESSIVE;
				CLANG_CXX_LANGUAGE_STANDARD = "gnu++17";
				CLANG_ENABLE_MODULES = YES;
				CLANG_ENABLE_OBJC_ARC = YES;
				CLANG_ENABLE_OBJC_WEAK = YES;
				CLANG_WARN_BLOCK_CAPTURE_AUTORELEASING = YES;
				CLANG_WARN_BOOL_CONVERSION = YES;
				CLANG_WARN_COMMA = YES;
				CLANG_WARN_CONSTANT_CONVERSION = YES;
				CLANG_WARN_DEPRECATED_OBJC_IMPLEMENTATIONS = YES;
				CLANG_WARN_DIRECT_OBJC_ISA_USAGE = YES_ERROR;
				CLANG_WARN_DOCUMENTATION_COMMENTS = YES;
				CLANG_WARN_EMPTY_BODY = YES;
				CLANG_WARN_ENUM_CONVERSION = YES;
				CLANG_WARN_INFINITE_RECURSION = YES;
				CLANG_WARN_INT_CONVERSION = YES;
				CLANG_WARN_NON_LITERAL_NULL_CONVERSION = YES;
				CLANG_WARN_OBJC_IMPLICIT_RETAIN_SELF = YES;
				CLANG_WARN_OBJC_LITERAL_CONVERSION = YES;
				CLANG_WARN_OBJC_ROOT_CLASS = YES_ERROR;
				CLANG_WARN_QUOTED_INCLUDE_IN_FRAMEWORK_HEADER = YES;
				CLANG_WARN_RANGE_LOOP_ANALYSIS = YES;
				CLANG_WARN_STRICT_PROTOTYPES = YES;
				CLANG_WARN_SUSPICIOUS_MOVE = YES;
				CLANG_WARN_UNGUARDED_AVAILABILITY = YES_AGGRESSIVE;
				CLANG_WARN_UNREACHABLE_CODE = YES;
				CLANG_WARN__DUPLICATE_METHOD_MATCH = YES;
				COPY_PHASE_STRIP = NO;
				DEBUG_INFORMATION_FORMAT = "dwarf-with-dsym";
				ENABLE_NS_ASSERTIONS = NO;
				ENABLE_STRICT_OBJC_MSGSEND = YES;
				GCC_C_LANGUAGE_STANDARD = gnu11;
				GCC_NO_COMMON_BLOCKS = YES;
				GCC_WARN_64_TO_32_BIT_CONVERSION = YES;
				GCC_WARN_ABOUT_RETURN_TYPE = YES_ERROR;
				GCC_WARN_UNDECLARED_SELECTOR = YES;
				GCC_WARN_UNINITIALIZED_AUTOS = YES_AGGRESSIVE;
				GCC_WARN_UNUSED_FUNCTION = YES;
				GCC_WARN_UNUSED_VARIABLE = YES;
				IPHONEOS_DEPLOYMENT_TARGET = 15.5;
				MTL_ENABLE_DEBUG_INFO = NO;
				MTL_FAST_MATH = YES;
				SDKROOT = iphoneos;
				VALIDATE_PRODUCT = YES;
			};
			name = Release;
		};
		EE55CE88285A476F00F6C1BB /* Debug */ = {
			isa = XCBuildConfiguration;
			baseConfigurationReference = 0B3216BDB9FFCCDF05AEAD34 /* Pods-Flixter.debug.xcconfig */;
			buildSettings = {
				ASSETCATALOG_COMPILER_APPICON_NAME = AppIcon;
				ASSETCATALOG_COMPILER_GLOBAL_ACCENT_COLOR_NAME = AccentColor;
				CODE_SIGN_STYLE = Automatic;
				CURRENT_PROJECT_VERSION = 1;
				DEVELOPMENT_TEAM = LL534K8W99;
				GENERATE_INFOPLIST_FILE = YES;
				INFOPLIST_FILE = Flixter/Info.plist;
				INFOPLIST_KEY_UIApplicationSupportsIndirectInputEvents = YES;
				INFOPLIST_KEY_UILaunchStoryboardName = LaunchScreen;
				INFOPLIST_KEY_UIMainStoryboardFile = Main;
				INFOPLIST_KEY_UISupportedInterfaceOrientations_iPad = "UIInterfaceOrientationPortrait UIInterfaceOrientationPortraitUpsideDown UIInterfaceOrientationLandscapeLeft UIInterfaceOrientationLandscapeRight";
				INFOPLIST_KEY_UISupportedInterfaceOrientations_iPhone = "UIInterfaceOrientationPortrait UIInterfaceOrientationLandscapeLeft UIInterfaceOrientationLandscapeRight";
				LD_RUNPATH_SEARCH_PATHS = (
					"$(inherited)",
					"@executable_path/Frameworks",
				);
				MARKETING_VERSION = 1.0;
				PRODUCT_BUNDLE_IDENTIFIER = com.codepath.Flixter;
				PRODUCT_NAME = "$(TARGET_NAME)";
				SWIFT_EMIT_LOC_STRINGS = YES;
				TARGETED_DEVICE_FAMILY = "1,2";
			};
			name = Debug;
		};
		EE55CE89285A476F00F6C1BB /* Release */ = {
			isa = XCBuildConfiguration;
			baseConfigurationReference = 7692B176462F58B81FEB192E /* Pods-Flixter.release.xcconfig */;
			buildSettings = {
				ASSETCATALOG_COMPILER_APPICON_NAME = AppIcon;
				ASSETCATALOG_COMPILER_GLOBAL_ACCENT_COLOR_NAME = AccentColor;
				CODE_SIGN_STYLE = Automatic;
				CURRENT_PROJECT_VERSION = 1;
				DEVELOPMENT_TEAM = LL534K8W99;
				GENERATE_INFOPLIST_FILE = YES;
				INFOPLIST_FILE = Flixter/Info.plist;
				INFOPLIST_KEY_UIApplicationSupportsIndirectInputEvents = YES;
				INFOPLIST_KEY_UILaunchStoryboardName = LaunchScreen;
				INFOPLIST_KEY_UIMainStoryboardFile = Main;
				INFOPLIST_KEY_UISupportedInterfaceOrientations_iPad = "UIInterfaceOrientationPortrait UIInterfaceOrientationPortraitUpsideDown UIInterfaceOrientationLandscapeLeft UIInterfaceOrientationLandscapeRight";
				INFOPLIST_KEY_UISupportedInterfaceOrientations_iPhone = "UIInterfaceOrientationPortrait UIInterfaceOrientationLandscapeLeft UIInterfaceOrientationLandscapeRight";
				LD_RUNPATH_SEARCH_PATHS = (
					"$(inherited)",
					"@executable_path/Frameworks",
				);
				MARKETING_VERSION = 1.0;
				PRODUCT_BUNDLE_IDENTIFIER = com.codepath.Flixter;
				PRODUCT_NAME = "$(TARGET_NAME)";
				SWIFT_EMIT_LOC_STRINGS = YES;
				TARGETED_DEVICE_FAMILY = "1,2";
			};
			name = Release;
		};
		EE55CE8B285A476F00F6C1BB /* Debug */ = {
			isa = XCBuildConfiguration;
			baseConfigurationReference = 598F7FA30214B7759C7BC329 /* Pods-FlixterTests.debug.xcconfig */;
			buildSettings = {
				BUNDLE_LOADER = "$(TEST_HOST)";
				CODE_SIGN_STYLE = Automatic;
				CURRENT_PROJECT_VERSION = 1;
				DEVELOPMENT_TEAM = LL534K8W99;
				GENERATE_INFOPLIST_FILE = YES;
				IPHONEOS_DEPLOYMENT_TARGET = 15.5;
				MARKETING_VERSION = 1.0;
				PRODUCT_BUNDLE_IDENTIFIER = com.codepath.FlixterTests;
				PRODUCT_NAME = "$(TARGET_NAME)";
				SWIFT_EMIT_LOC_STRINGS = NO;
				TARGETED_DEVICE_FAMILY = "1,2";
				TEST_HOST = "$(BUILT_PRODUCTS_DIR)/Flixter.app/Flixter";
			};
			name = Debug;
		};
		EE55CE8C285A476F00F6C1BB /* Release */ = {
			isa = XCBuildConfiguration;
			baseConfigurationReference = 404E5743DD1088C5F2BA5F12 /* Pods-FlixterTests.release.xcconfig */;
			buildSettings = {
				BUNDLE_LOADER = "$(TEST_HOST)";
				CODE_SIGN_STYLE = Automatic;
				CURRENT_PROJECT_VERSION = 1;
				DEVELOPMENT_TEAM = LL534K8W99;
				GENERATE_INFOPLIST_FILE = YES;
				IPHONEOS_DEPLOYMENT_TARGET = 15.5;
				MARKETING_VERSION = 1.0;
				PRODUCT_BUNDLE_IDENTIFIER = com.codepath.FlixterTests;
				PRODUCT_NAME = "$(TARGET_NAME)";
				SWIFT_EMIT_LOC_STRINGS = NO;
				TARGETED_DEVICE_FAMILY = "1,2";
				TEST_HOST = "$(BUILT_PRODUCTS_DIR)/Flixter.app/Flixter";
			};
			name = Release;
		};
		EE55CE8E285A476F00F6C1BB /* Debug */ = {
			isa = XCBuildConfiguration;
			baseConfigurationReference = 59A8809B1D01D725E9EC2ECD /* Pods-Flixter-FlixterUITests.debug.xcconfig */;
			buildSettings = {
				CODE_SIGN_STYLE = Automatic;
				CURRENT_PROJECT_VERSION = 1;
				DEVELOPMENT_TEAM = LL534K8W99;
				GENERATE_INFOPLIST_FILE = YES;
				MARKETING_VERSION = 1.0;
				PRODUCT_BUNDLE_IDENTIFIER = com.codepath.FlixterUITests;
				PRODUCT_NAME = "$(TARGET_NAME)";
				SWIFT_EMIT_LOC_STRINGS = NO;
				TARGETED_DEVICE_FAMILY = "1,2";
				TEST_TARGET_NAME = Flixter;
			};
			name = Debug;
		};
		EE55CE8F285A476F00F6C1BB /* Release */ = {
			isa = XCBuildConfiguration;
			baseConfigurationReference = 41A0DCF8CD40BC507E43E1FE /* Pods-Flixter-FlixterUITests.release.xcconfig */;
			buildSettings = {
				CODE_SIGN_STYLE = Automatic;
				CURRENT_PROJECT_VERSION = 1;
				DEVELOPMENT_TEAM = LL534K8W99;
				GENERATE_INFOPLIST_FILE = YES;
				MARKETING_VERSION = 1.0;
				PRODUCT_BUNDLE_IDENTIFIER = com.codepath.FlixterUITests;
				PRODUCT_NAME = "$(TARGET_NAME)";
				SWIFT_EMIT_LOC_STRINGS = NO;
				TARGETED_DEVICE_FAMILY = "1,2";
				TEST_TARGET_NAME = Flixter;
			};
			name = Release;
		};
/* End XCBuildConfiguration section */

/* Begin XCConfigurationList section */
		EE55CE53285A476D00F6C1BB /* Build configuration list for PBXProject "Flixter" */ = {
			isa = XCConfigurationList;
			buildConfigurations = (
				EE55CE85285A476F00F6C1BB /* Debug */,
				EE55CE86285A476F00F6C1BB /* Release */,
			);
			defaultConfigurationIsVisible = 0;
			defaultConfigurationName = Release;
		};
		EE55CE87285A476F00F6C1BB /* Build configuration list for PBXNativeTarget "Flixter" */ = {
			isa = XCConfigurationList;
			buildConfigurations = (
				EE55CE88285A476F00F6C1BB /* Debug */,
				EE55CE89285A476F00F6C1BB /* Release */,
			);
			defaultConfigurationIsVisible = 0;
			defaultConfigurationName = Release;
		};
		EE55CE8A285A476F00F6C1BB /* Build configuration list for PBXNativeTarget "FlixterTests" */ = {
			isa = XCConfigurationList;
			buildConfigurations = (
				EE55CE8B285A476F00F6C1BB /* Debug */,
				EE55CE8C285A476F00F6C1BB /* Release */,
			);
			defaultConfigurationIsVisible = 0;
			defaultConfigurationName = Release;
		};
		EE55CE8D285A476F00F6C1BB /* Build configuration list for PBXNativeTarget "FlixterUITests" */ = {
			isa = XCConfigurationList;
			buildConfigurations = (
				EE55CE8E285A476F00F6C1BB /* Debug */,
				EE55CE8F285A476F00F6C1BB /* Release */,
			);
			defaultConfigurationIsVisible = 0;
			defaultConfigurationName = Release;
		};
/* End XCConfigurationList section */
	};
	rootObject = EE55CE50285A476D00F6C1BB /* Project object */;
}
